# This file is autogenerated, do not edit; changes may be undone by the next 'dep ensure'.


[[projects]]
  name = "github.com/satori/go.uuid"
  packages = ["."]
  revision = "b2ce2384e17bbe0c6d34077efa39dbab3e09123b"

[[projects]]
  branch = "master"
  name = "github.com/tomasen/realip"
  packages = ["."]
  revision = "f0c99a92ddcedd3964a269d23c8e89d9a9229be6"

[solve-meta]
  analyzer-name = "dep"
  analyzer-version = 1
  inputs-digest = "444e474764ac65f7ed15ddb2f2a536dfc33a41b237007a8c0503a77f691e0e2b"
  solver-name = "gps-cdcl"
  solver-version = 1
